
Microsoft Visual Studio Solution File, Format Version 11.00
# Visual Studio 2010
Project("{FAE04EC0-301F-11D3-BF4B-00C04F79EFBC}") = "Redis.Driver", "Redis.Driver\Redis.Driver.csproj", "{EE53F070-A58D-4155-8167-2BE43ABF9DFC}"
EndProject
Project("{FAE04EC0-301F-11D3-BF4B-00C04F79EFBC}") = "Tests", "Tests\Tests.csproj", "{5ED2B329-EF9D-41B6-B728-A7BAD91039F8}"
EndProject
Global
	GlobalSection(SolutionConfigurationPlatforms) = preSolution
		Debug|Any CPU = Debug|Any CPU
		Debug|Mixed Platforms = Debug|Mixed Platforms
		Debug|x86 = Debug|x86
		Release|Any CPU = Release|Any CPU
		Release|Mixed Platforms = Release|Mixed Platforms
		Release|x86 = Release|x86
	EndGlobalSection
	GlobalSection(ProjectConfigurationPlatforms) = postSolution
		{EE53F070-A58D-4155-8167-2BE43ABF9DFC}.Debug|Any CPU.ActiveCfg = Debug|Any CPU
		{EE53F070-A58D-4155-8167-2BE43ABF9DFC}.Debug|Any CPU.Build.0 = Debug|Any CPU
		{EE53F070-A58D-4155-8167-2BE43ABF9DFC}.Debug|Mixed Platforms.ActiveCfg = Debug|Any CPU
		{EE53F070-A58D-4155-8167-2BE43ABF9DFC}.Debug|Mixed Platforms.Build.0 = Debug|Any CPU
		{EE53F070-A58D-4155-8167-2BE43ABF9DFC}.Debug|x86.ActiveCfg = Debug|Any CPU
		{EE53F070-A58D-4155-8167-2BE43ABF9DFC}.Release|Any CPU.ActiveCfg = Release|Any CPU
		{EE53F070-A58D-4155-8167-2BE43ABF9DFC}.Release|Any CPU.Build.0 = Release|Any CPU
		{EE53F070-A58D-4155-8167-2BE43ABF9DFC}.Release|Mixed Platforms.ActiveCfg = Release|Any CPU
		{EE53F070-A58D-4155-8167-2BE43ABF9DFC}.Release|Mixed Platforms.Build.0 = Release|Any CPU
		{EE53F070-A58D-4155-8167-2BE43ABF9DFC}.Release|x86.ActiveCfg = Release|Any CPU
		{5ED2B329-EF9D-41B6-B728-A7BAD91039F8}.Debug|Any CPU.ActiveCfg = Debug|Any CPU
		{5ED2B329-EF9D-41B6-B728-A7BAD91039F8}.Debug|Any CPU.Build.0 = Debug|Any CPU
		{5ED2B329-EF9D-41B6-B728-A7BAD91039F8}.Debug|Mixed Platforms.ActiveCfg = Debug|Any CPU
		{5ED2B329-EF9D-41B6-B728-A7BAD91039F8}.Debug|Mixed Platforms.Build.0 = Debug|Any CPU
		{5ED2B329-EF9D-41B6-B728-A7BAD91039F8}.Debug|x86.ActiveCfg = Debug|Any CPU
		{5ED2B329-EF9D-41B6-B728-A7BAD91039F8}.Release|Any CPU.ActiveCfg = Release|Any CPU
		{5ED2B329-EF9D-41B6-B728-A7BAD91039F8}.Release|Any CPU.Build.0 = Release|Any CPU
		{5ED2B329-EF9D-41B6-B728-A7BAD91039F8}.Release|Mixed Platforms.ActiveCfg = Release|Any CPU
		{5ED2B329-EF9D-41B6-B728-A7BAD91039F8}.Release|Mixed Platforms.Build.0 = Release|Any CPU
		{5ED2B329-EF9D-41B6-B728-A7BAD91039F8}.Release|x86.ActiveCfg = Release|Any CPU
	EndGlobalSection
	GlobalSection(SolutionProperties) = preSolution
		HideSolutionNode = FALSE
	EndGlobalSection
EndGlobal
